{
  "version": 2,
  "dependencies": {
    "net8.0": {
      "Newtonsoft.Json": {
        "type": "Direct",
        "requested": "[13.0.2, )",
        "resolved": "13.0.2",
        "contentHash": "R2pZ3B0UjeyHShm9vG+Tu0EBb2lC8b0dFzV9gVn50ofHXh9Smjk6kTn7A/FdAsC8B5cKib1OnGYOXxRBz5XQDg=="
      },
      "NLog": {
        "type": "Direct",
        "requested": "[5.3.3, )",
        "resolved": "5.3.3",
        "contentHash": "cy0+hlrUbYu+6mgUsILqCcqlJ2Csqyt2lm8y9T9kE8nhgwl8SvR+LM21QX4nmzFCPiowbrTFYxNF8+gWpy7/HQ=="
      }
    }
  }
}